
Microsoft Visual Studio Solution File, Format Version 12.00
# Visual Studio Version 16
VisualStudioVersion = 16.0.30711.63
MinimumVisualStudioVersion = 10.0.40219.1
Project("{FAE04EC0-301F-11D3-BF4B-00C04F79EFBC}") = "trivia aGAINUGH", "trivia aGAINUGH\trivia aGAINUGH.csproj", "{3EA211EB-B278-4219-BD3B-E656496DB4BF}"
EndProject
Global
	GlobalSection(SolutionConfigurationPlatforms) = preSolution
		Debug|Any CPU = Debug|Any CPU
		Release|Any CPU = Release|Any CPU
	EndGlobalSection
	GlobalSection(ProjectConfigurationPlatforms) = postSolution
		{3EA211EB-B278-4219-BD3B-E656496DB4BF}.Debug|Any CPU.ActiveCfg = Debug|Any CPU
		{3EA211EB-B278-4219-BD3B-E656496DB4BF}.Debug|Any CPU.Build.0 = Debug|Any CPU
		{3EA211EB-B278-4219-BD3B-E656496DB4BF}.Release|Any CPU.ActiveCfg = Release|Any CPU
		{3EA211EB-B278-4219-BD3B-E656496DB4BF}.Release|Any CPU.Build.0 = Release|Any CPU
	EndGlobalSection
	GlobalSection(SolutionProperties) = preSolution
		HideSolutionNode = FALSE
	EndGlobalSection
	GlobalSection(ExtensibilityGlobals) = postSolution
		SolutionGuid = {2067B7B5-5C1F-4443-9FE4-744718327020}
	EndGlobalSection
EndGlobal
